{
    "_readme": [
        "This file locks the dependencies of your project to a known state",
        "Read more about it at https://getcomposer.org/doc/01-basic-usage.md#composer-lock-the-lock-file",
        "This file is @generated automatically"
    ],
    "content-hash": "0a336f257ae2eca9c440cf168421338d",
    "packages": [
        {
            "name": "erusev/parsedown",
            "version": "1.6.4",
            "source": {
                "type": "git",
                "url": "https://github.com/erusev/parsedown.git",
                "reference": "fbe3fe878f4fe69048bb8a52783a09802004f548"
            },
            "dist": {
                "type": "zip",
                "url": "https://files.phpcomposer.com/files/erusev/parsedown/fbe3fe878f4fe69048bb8a52783a09802004f548.zip",
                "reference": "fbe3fe878f4fe69048bb8a52783a09802004f548",
                "shasum": ""
            },
            "require": {
                "php": ">=5.3.0"
            },
            "require-dev": {
                "phpunit/phpunit": "^4.8.35"
            },
            "type": "library",
            "autoload": {
                "psr-0": {
                    "Parsedown": ""
                }
            },
            "notification-url": "https://packagist.org/downloads/",
            "license": [
                "MIT"
            ],
            "authors": [
                {
                    "name": "Emanuil Rusev",
                    "email": "hello@erusev.com",
                    "homepage": "http://erusev.com"
                }
            ],
            "description": "Parser for Markdown.",
            "homepage": "http://parsedown.org",
            "keywords": [
                "markdown",
                "parser"
            ],
            "time": "2017-11-14T20:44:03+00:00"
        },
        {
            "name": "erusev/parsedown-extra",
            "version": "0.7.1",
            "source": {
                "type": "git",
                "url": "https://github.com/erusev/parsedown-extra.git",
                "reference": "0db5cce7354e4b76f155d092ab5eb3981c21258c"
            },
            "dist": {
                "type": "zip",
                "url": "https://files.phpcomposer.com/files/erusev/parsedown-extra/0db5cce7354e4b76f155d092ab5eb3981c21258c.zip",
                "reference": "0db5cce7354e4b76f155d092ab5eb3981c21258c",
                "shasum": ""
            },
            "require": {
                "erusev/parsedown": "~1.4"
            },
            "type": "library",
            "autoload": {
                "psr-0": {
                    "ParsedownExtra": ""
                }
            },
            "notification-url": "https://packagist.org/downloads/",
            "license": [
                "MIT"
            ],
            "authors": [
                {
                    "name": "Emanuil Rusev",
                    "email": "hello@erusev.com",
                    "homepage": "http://erusev.com"
                }
            ],
            "description": "An extension of Parsedown that adds support for Markdown Extra.",
            "homepage": "https://github.com/erusev/parsedown-extra",
            "keywords": [
                "markdown",
                "markdown extra",
                "parsedown",
                "parser"
            ],
            "time": "2015-11-01T10:19:22+00:00"
        },
        {
            "name": "lishihai/parsedown-extra-plugin",
            "version": "0.2",
            "source": {
                "type": "git",
                "url": "https://github.com/lishihai/parsedown-extra-plugin.git",
                "reference": "084c652a09147b033f8386d9060d22f5b0b70c52"
            },
            "dist": {
                "type": "zip",
                "url": "https://files.phpcomposer.com/files/lishihai/parsedown-extra-plugin/084c652a09147b033f8386d9060d22f5b0b70c52.zip",
                "reference": "084c652a09147b033f8386d9060d22f5b0b70c52",
                "shasum": ""
            },
            "require": {
                "erusev/parsedown-extra": "~0.7"
            },
            "type": "library",
            "autoload": {
                "psr-0": {
                    "ParsedownExtraPlugin": ""
                }
            },
            "notification-url": "https://packagist.org/downloads/",
            "license": [
                "MIT"
            ],
            "authors": [
                {
                    "name": "Taufik Nurrohman",
                    "homepage": "https://plus.google.com/+TaufikNurrohman"
                }
            ],
            "description": "Configurable Markdown to HTML converter with Parsedown Extra. Forked from https://github.com/tovic/parsedown-extra-plugin.",
            "homepage": "https://github.com/lishihai/parsedown-extra-plugin",
            "keywords": [
                "markdown",
                "markdown extra",
                "parsedown",
                "parser"
            ],
            "time": "2018-02-07T05:02:15+00:00"
        }
    ],
    "packages-dev": [],
    "aliases": [],
    "minimum-stability": "stable",
    "stability-flags": [],
    "prefer-stable": false,
    "prefer-lowest": false,
    "platform": [],
    "platform-dev": []
}
